
Microsoft Visual Studio Solution File, Format Version 12.00
# Visual Studio 15
VisualStudioVersion = 15.0.26430.14
MinimumVisualStudioVersion = 10.0.40219.1
Project("{FAE04EC0-301F-11D3-BF4B-00C04F79EFBC}") = "Briar", "Briar\Briar.csproj", "{0ADFB6C9-1888-42DC-B7CB-08E6DE52A307}"
EndProject
Project("{FAE04EC0-301F-11D3-BF4B-00C04F79EFBC}") = "BriarTester", "BriarTester\BriarTester.csproj", "{B391ED84-D28C-44E7-A180-8D1DC2F3131C}"
EndProject
Project("{FAE04EC0-301F-11D3-BF4B-00C04F79EFBC}") = "BriarUnitTests", "BriarUnitTests\BriarUnitTests.csproj", "{4A335DE6-8208-46C8-A6B5-C5484A223655}"
EndProject
Global
	GlobalSection(SolutionConfigurationPlatforms) = preSolution
		Debug|Any CPU = Debug|Any CPU
		Release|Any CPU = Release|Any CPU
	EndGlobalSection
	GlobalSection(ProjectConfigurationPlatforms) = postSolution
		{0ADFB6C9-1888-42DC-B7CB-08E6DE52A307}.Debug|Any CPU.ActiveCfg = Debug|Any CPU
		{0ADFB6C9-1888-42DC-B7CB-08E6DE52A307}.Debug|Any CPU.Build.0 = Debug|Any CPU
		{0ADFB6C9-1888-42DC-B7CB-08E6DE52A307}.Release|Any CPU.ActiveCfg = Release|Any CPU
		{0ADFB6C9-1888-42DC-B7CB-08E6DE52A307}.Release|Any CPU.Build.0 = Release|Any CPU
		{B391ED84-D28C-44E7-A180-8D1DC2F3131C}.Debug|Any CPU.ActiveCfg = Debug|Any CPU
		{B391ED84-D28C-44E7-A180-8D1DC2F3131C}.Debug|Any CPU.Build.0 = Debug|Any CPU
		{B391ED84-D28C-44E7-A180-8D1DC2F3131C}.Release|Any CPU.ActiveCfg = Release|Any CPU
		{B391ED84-D28C-44E7-A180-8D1DC2F3131C}.Release|Any CPU.Build.0 = Release|Any CPU
		{4A335DE6-8208-46C8-A6B5-C5484A223655}.Debug|Any CPU.ActiveCfg = Debug|Any CPU
		{4A335DE6-8208-46C8-A6B5-C5484A223655}.Debug|Any CPU.Build.0 = Debug|Any CPU
		{4A335DE6-8208-46C8-A6B5-C5484A223655}.Release|Any CPU.ActiveCfg = Release|Any CPU
		{4A335DE6-8208-46C8-A6B5-C5484A223655}.Release|Any CPU.Build.0 = Release|Any CPU
	EndGlobalSection
	GlobalSection(SolutionProperties) = preSolution
		HideSolutionNode = FALSE
	EndGlobalSection
EndGlobal
